// !$*UTF8*$!
{
	archiveVersion = 1;
	classes = {
	};
	objectVersion = 56;
	objects = {

/* Begin PBXBuildFile section */
		6A111D322923A5A800FE42B4 /* FlickrApp.swift in Sources */ = {isa = PBXBuildFile; fileRef = 6A111D312923A5A800FE42B4 /* FlickrApp.swift */; };
		6A111D342923A5A800FE42B4 /* ContentView.swift in Sources */ = {isa = PBXBuildFile; fileRef = 6A111D332923A5A800FE42B4 /* ContentView.swift */; };
		6A111D362923A5AB00FE42B4 /* Assets.xcassets in Resources */ = {isa = PBXBuildFile; fileRef = 6A111D352923A5AB00FE42B4 /* Assets.xcassets */; };
		6A111D392923A5AB00FE42B4 /* Preview Assets.xcassets in Resources */ = {isa = PBXBuildFile; fileRef = 6A111D382923A5AB00FE42B4 /* Preview Assets.xcassets */; };
		6A111D432923A5AB00FE42B4 /* FlickrTests.swift in Sources */ = {isa = PBXBuildFile; fileRef = 6A111D422923A5AB00FE42B4 /* FlickrTests.swift */; };
		6A111D4D2923A5AB00FE42B4 /* FlickrUITests.swift in Sources */ = {isa = PBXBuildFile; fileRef = 6A111D4C2923A5AB00FE42B4 /* FlickrUITests.swift */; };
		6A111D4F2923A5AB00FE42B4 /* FlickrUITestsLaunchTests.swift in Sources */ = {isa = PBXBuildFile; fileRef = 6A111D4E2923A5AB00FE42B4 /* FlickrUITestsLaunchTests.swift */; };
		6A111D5D2923AB3900FE42B4 /* WebService.swift in Sources */ = {isa = PBXBuildFile; fileRef = 6A111D5C2923AB3900FE42B4 /* WebService.swift */; };
		6A111D602923AD1D00FE42B4 /* URL+Extensions.swift in Sources */ = {isa = PBXBuildFile; fileRef = 6A111D5F2923AD1D00FE42B4 /* URL+Extensions.swift */; };
		6A111D632923B1DF00FE42B4 /* FlickrItem.swift in Sources */ = {isa = PBXBuildFile; fileRef = 6A111D622923B1DF00FE42B4 /* FlickrItem.swift */; };
		6A111D652923B2B200FE42B4 /* FlickrList.swift in Sources */ = {isa = PBXBuildFile; fileRef = 6A111D642923B2B200FE42B4 /* FlickrList.swift */; };
		6A111D672923B2CD00FE42B4 /* Media.swift in Sources */ = {isa = PBXBuildFile; fileRef = 6A111D662923B2CD00FE42B4 /* Media.swift */; };
		6A111D6A2923B86500FE42B4 /* FlickrListViewModel.swift in Sources */ = {isa = PBXBuildFile; fileRef = 6A111D692923B86500FE42B4 /* FlickrListViewModel.swift */; };
		6A111D6C2924560A00FE42B4 /* DetailsView.swift in Sources */ = {isa = PBXBuildFile; fileRef = 6A111D6B2924560A00FE42B4 /* DetailsView.swift */; };
		6A111D79292526C100FE42B4 /* flickr.json in Resources */ = {isa = PBXBuildFile; fileRef = 6A111D78292526C100FE42B4 /* flickr.json */; };
		6A111D7A292526C100FE42B4 /* flickr.json in Resources */ = {isa = PBXBuildFile; fileRef = 6A111D78292526C100FE42B4 /* flickr.json */; };
		6A111D7C292526F900FE42B4 /* LocalService.swift in Sources */ = {isa = PBXBuildFile; fileRef = 6A111D7B292526F900FE42B4 /* LocalService.swift */; };
		6A6E4C98293397AA00F3B1A1 /* UserState.swift in Sources */ = {isa = PBXBuildFile; fileRef = 6AB45DA92932DCCB00C59932 /* UserState.swift */; };
		6A740204292ED56300F3BB92 /* ServiceProtocol.swift in Sources */ = {isa = PBXBuildFile; fileRef = 6A740203292ED56300F3BB92 /* ServiceProtocol.swift */; };
		6A740205292ED63000F3BB92 /* FlickrListViewModel.swift in Sources */ = {isa = PBXBuildFile; fileRef = 6A111D692923B86500FE42B4 /* FlickrListViewModel.swift */; };
		6A740206292ED96900F3BB92 /* FlickrList.swift in Sources */ = {isa = PBXBuildFile; fileRef = 6A111D642923B2B200FE42B4 /* FlickrList.swift */; };
		6A740207292ED96F00F3BB92 /* FlickrItem.swift in Sources */ = {isa = PBXBuildFile; fileRef = 6A111D622923B1DF00FE42B4 /* FlickrItem.swift */; };
		6A740208292ED97100F3BB92 /* Media.swift in Sources */ = {isa = PBXBuildFile; fileRef = 6A111D662923B2CD00FE42B4 /* Media.swift */; };
		6A740209292ED9A500F3BB92 /* URL+Extensions.swift in Sources */ = {isa = PBXBuildFile; fileRef = 6A111D5F2923AD1D00FE42B4 /* URL+Extensions.swift */; };
		6A74020A292ED9A800F3BB92 /* Notification+Extensions.swift in Sources */ = {isa = PBXBuildFile; fileRef = 6AEFE67429257F2B001BFE07 /* Notification+Extensions.swift */; };
		6A74020C292EE80E00F3BB92 /* ServiceProtocol.swift in Sources */ = {isa = PBXBuildFile; fileRef = 6A740203292ED56300F3BB92 /* ServiceProtocol.swift */; };
		6AB45DAA2932DCCB00C59932 /* UserState.swift in Sources */ = {isa = PBXBuildFile; fileRef = 6AB45DA92932DCCB00C59932 /* UserState.swift */; };
		6AC2F074293031E900951736 /* URLImage.swift in Sources */ = {isa = PBXBuildFile; fileRef = 6AC2F073293031E900951736 /* URLImage.swift */; };
		6AC2F0762930320B00951736 /* ImageLoader.swift in Sources */ = {isa = PBXBuildFile; fileRef = 6AC2F0752930320B00951736 /* ImageLoader.swift */; };
		6AEFE67129256688001BFE07 /* LocalService.swift in Sources */ = {isa = PBXBuildFile; fileRef = 6A111D7B292526F900FE42B4 /* LocalService.swift */; };
		6AEFE67229256709001BFE07 /* LocalService.swift in Resources */ = {isa = PBXBuildFile; fileRef = 6A111D7B292526F900FE42B4 /* LocalService.swift */; };
		6AEFE6732925672F001BFE07 /* WebService.swift in Sources */ = {isa = PBXBuildFile; fileRef = 6A111D5C2923AB3900FE42B4 /* WebService.swift */; };
		6AEFE67529257F2B001BFE07 /* Notification+Extensions.swift in Sources */ = {isa = PBXBuildFile; fileRef = 6AEFE67429257F2B001BFE07 /* Notification+Extensions.swift */; };
		6AFBA0702934D35100F4DD1B /* Modifiers.swift in Sources */ = {isa = PBXBuildFile; fileRef = 6AFBA06F2934D35100F4DD1B /* Modifiers.swift */; };
/* End PBXBuildFile section */

/* Begin PBXContainerItemProxy section */
		6A111D3F2923A5AB00FE42B4 /* PBXContainerItemProxy */ = {
			isa = PBXContainerItemProxy;
			containerPortal = 6A111D262923A5A800FE42B4 /* Project object */;
			proxyType = 1;
			remoteGlobalIDString = 6A111D2D2923A5A800FE42B4;
			remoteInfo = Flickr;
		};
		6A111D492923A5AB00FE42B4 /* PBXContainerItemProxy */ = {
			isa = PBXContainerItemProxy;
			containerPortal = 6A111D262923A5A800FE42B4 /* Project object */;
			proxyType = 1;
			remoteGlobalIDString = 6A111D2D2923A5A800FE42B4;
			remoteInfo = Flickr;
		};
/* End PBXContainerItemProxy section */

/* Begin PBXFileReference section */
		6A111D2E2923A5A800FE42B4 /* Flickr.app */ = {isa = PBXFileReference; explicitFileType = wrapper.application; includeInIndex = 0; path = Flickr.app; sourceTree = BUILT_PRODUCTS_DIR; };
		6A111D312923A5A800FE42B4 /* FlickrApp.swift */ = {isa = PBXFileReference; lastKnownFileType = sourcecode.swift; path = FlickrApp.swift; sourceTree = "<group>"; };
		6A111D332923A5A800FE42B4 /* ContentView.swift */ = {isa = PBXFileReference; lastKnownFileType = sourcecode.swift; path = ContentView.swift; sourceTree = "<group>"; };
		6A111D352923A5AB00FE42B4 /* Assets.xcassets */ = {isa = PBXFileReference; lastKnownFileType = folder.assetcatalog; path = Assets.xcassets; sourceTree = "<group>"; };
		6A111D382923A5AB00FE42B4 /* Preview Assets.xcassets */ = {isa = PBXFileReference; lastKnownFileType = folder.assetcatalog; path = "Preview Assets.xcassets"; sourceTree = "<group>"; };
		6A111D3E2923A5AB00FE42B4 /* FlickrTests.xctest */ = {isa = PBXFileReference; explicitFileType = wrapper.cfbundle; includeInIndex = 0; path = FlickrTests.xctest; sourceTree = BUILT_PRODUCTS_DIR; };
		6A111D422923A5AB00FE42B4 /* FlickrTests.swift */ = {isa = PBXFileReference; lastKnownFileType = sourcecode.swift; path = FlickrTests.swift; sourceTree = "<group>"; };
		6A111D482923A5AB00FE42B4 /* FlickrUITests.xctest */ = {isa = PBXFileReference; explicitFileType = wrapper.cfbundle; includeInIndex = 0; path = FlickrUITests.xctest; sourceTree = BUILT_PRODUCTS_DIR; };
		6A111D4C2923A5AB00FE42B4 /* FlickrUITests.swift */ = {isa = PBXFileReference; lastKnownFileType = sourcecode.swift; path = FlickrUITests.swift; sourceTree = "<group>"; };
		6A111D4E2923A5AB00FE42B4 /* FlickrUITestsLaunchTests.swift */ = {isa = PBXFileReference; lastKnownFileType = sourcecode.swift; path = FlickrUITestsLaunchTests.swift; sourceTree = "<group>"; };
		6A111D5C2923AB3900FE42B4 /* WebService.swift */ = {isa = PBXFileReference; lastKnownFileType = sourcecode.swift; path = WebService.swift; sourceTree = "<group>"; };
		6A111D5F2923AD1D00FE42B4 /* URL+Extensions.swift */ = {isa = PBXFileReference; lastKnownFileType = sourcecode.swift; path = "URL+Extensions.swift"; sourceTree = "<group>"; };
		6A111D622923B1DF00FE42B4 /* FlickrItem.swift */ = {isa = PBXFileReference; lastKnownFileType = sourcecode.swift; path = FlickrItem.swift; sourceTree = "<group>"; };
		6A111D642923B2B200FE42B4 /* FlickrList.swift */ = {isa = PBXFileReference; lastKnownFileType = sourcecode.swift; path = FlickrList.swift; sourceTree = "<group>"; };
		6A111D662923B2CD00FE42B4 /* Media.swift */ = {isa = PBXFileReference; lastKnownFileType = sourcecode.swift; path = Media.swift; sourceTree = "<group>"; };
		6A111D692923B86500FE42B4 /* FlickrListViewModel.swift */ = {isa = PBXFileReference; lastKnownFileType = sourcecode.swift; path = FlickrListViewModel.swift; sourceTree = "<group>"; };
		6A111D6B2924560A00FE42B4 /* DetailsView.swift */ = {isa = PBXFileReference; lastKnownFileType = sourcecode.swift; path = DetailsView.swift; sourceTree = "<group>"; };
		6A111D78292526C100FE42B4 /* flickr.json */ = {isa = PBXFileReference; fileEncoding = 4; lastKnownFileType = text.json; path = flickr.json; sourceTree = "<group>"; };
		6A111D7B292526F900FE42B4 /* LocalService.swift */ = {isa = PBXFileReference; fileEncoding = 4; lastKnownFileType = sourcecode.swift; path = LocalService.swift; sourceTree = "<group>"; };
		6A740203292ED56300F3BB92 /* ServiceProtocol.swift */ = {isa = PBXFileReference; lastKnownFileType = sourcecode.swift; path = ServiceProtocol.swift; sourceTree = "<group>"; };
		6AB45DA92932DCCB00C59932 /* UserState.swift */ = {isa = PBXFileReference; lastKnownFileType = sourcecode.swift; path = UserState.swift; sourceTree = "<group>"; };
		6AC2F073293031E900951736 /* URLImage.swift */ = {isa = PBXFileReference; fileEncoding = 4; lastKnownFileType = sourcecode.swift; path = URLImage.swift; sourceTree = "<group>"; };
		6AC2F0752930320B00951736 /* ImageLoader.swift */ = {isa = PBXFileReference; fileEncoding = 4; lastKnownFileType = sourcecode.swift; path = ImageLoader.swift; sourceTree = "<group>"; };
		6AEFE67429257F2B001BFE07 /* Notification+Extensions.swift */ = {isa = PBXFileReference; lastKnownFileType = sourcecode.swift; path = "Notification+Extensions.swift"; sourceTree = "<group>"; };
		6AFBA06F2934D35100F4DD1B /* Modifiers.swift */ = {isa = PBXFileReference; lastKnownFileType = sourcecode.swift; path = Modifiers.swift; sourceTree = "<group>"; };
/* End PBXFileReference section */

/* Begin PBXFrameworksBuildPhase section */
		6A111D2B2923A5A800FE42B4 /* Frameworks */ = {
			isa = PBXFrameworksBuildPhase;
			buildActionMask = 2147483647;
			files = (
			);
			runOnlyForDeploymentPostprocessing = 0;
		};
		6A111D3B2923A5AB00FE42B4 /* Frameworks */ = {
			isa = PBXFrameworksBuildPhase;
			buildActionMask = 2147483647;
			files = (
			);
			runOnlyForDeploymentPostprocessing = 0;
		};
		6A111D452923A5AB00FE42B4 /* Frameworks */ = {
			isa = PBXFrameworksBuildPhase;
			buildActionMask = 2147483647;
			files = (
			);
			runOnlyForDeploymentPostprocessing = 0;
		};
/* End PBXFrameworksBuildPhase section */

/* Begin PBXGroup section */
		6A111D252923A5A800FE42B4 = {
			isa = PBXGroup;
			children = (
				6A111D302923A5A800FE42B4 /* Flickr */,
				6A111D412923A5AB00FE42B4 /* FlickrTests */,
				6A111D4B2923A5AB00FE42B4 /* FlickrUITests */,
				6A111D2F2923A5A800FE42B4 /* Products */,
			);
			sourceTree = "<group>";
		};
		6A111D2F2923A5A800FE42B4 /* Products */ = {
			isa = PBXGroup;
			children = (
				6A111D2E2923A5A800FE42B4 /* Flickr.app */,
				6A111D3E2923A5AB00FE42B4 /* FlickrTests.xctest */,
				6A111D482923A5AB00FE42B4 /* FlickrUITests.xctest */,
			);
			name = Products;
			sourceTree = "<group>";
		};
		6A111D302923A5A800FE42B4 /* Flickr */ = {
			isa = PBXGroup;
			children = (
				6AA4921E2930347000FC885F /* Image Cache */,
				6A111D352923A5AB00FE42B4 /* Assets.xcassets */,
				6A111D5E2923ACE600FE42B4 /* Extensions */,
				6A111D312923A5A800FE42B4 /* FlickrApp.swift */,
				6AFBA06E2934D32000F4DD1B /* Modifiers */,
				6A111D612923B18300FE42B4 /* Models */,
				6A111D372923A5AB00FE42B4 /* Preview Content */,
				6A111D5B2923AAFF00FE42B4 /* Services */,
				6A111D682923B66700FE42B4 /* View Models */,
				6A111D752924EB1000FE42B4 /* Views */,
				6AC2F034292FA98200951736 /* Protocols */,
			);
			path = Flickr;
			sourceTree = "<group>";
		};
		6A111D372923A5AB00FE42B4 /* Preview Content */ = {
			isa = PBXGroup;
			children = (
				6A111D382923A5AB00FE42B4 /* Preview Assets.xcassets */,
			);
			path = "Preview Content";
			sourceTree = "<group>";
		};
		6A111D412923A5AB00FE42B4 /* FlickrTests */ = {
			isa = PBXGroup;
			children = (
				6A111D78292526C100FE42B4 /* flickr.json */,
				6A111D422923A5AB00FE42B4 /* FlickrTests.swift */,
			);
			path = FlickrTests;
			sourceTree = "<group>";
		};
		6A111D4B2923A5AB00FE42B4 /* FlickrUITests */ = {
			isa = PBXGroup;
			children = (
				6A111D4C2923A5AB00FE42B4 /* FlickrUITests.swift */,
				6A111D4E2923A5AB00FE42B4 /* FlickrUITestsLaunchTests.swift */,
			);
			path = FlickrUITests;
			sourceTree = "<group>";
		};
		6A111D5B2923AAFF00FE42B4 /* Services */ = {
			isa = PBXGroup;
			children = (
				6A111D7B292526F900FE42B4 /* LocalService.swift */,
				6A111D5C2923AB3900FE42B4 /* WebService.swift */,
			);
			path = Services;
			sourceTree = "<group>";
		};
		6A111D5E2923ACE600FE42B4 /* Extensions */ = {
			isa = PBXGroup;
			children = (
				6AEFE67429257F2B001BFE07 /* Notification+Extensions.swift */,
				6A111D5F2923AD1D00FE42B4 /* URL+Extensions.swift */,
			);
			path = Extensions;
			sourceTree = "<group>";
		};
		6A111D612923B18300FE42B4 /* Models */ = {
			isa = PBXGroup;
			children = (
				6A111D622923B1DF00FE42B4 /* FlickrItem.swift */,
				6A111D642923B2B200FE42B4 /* FlickrList.swift */,
				6A111D662923B2CD00FE42B4 /* Media.swift */,
				6AB45DA92932DCCB00C59932 /* UserState.swift */,
			);
			path = Models;
			sourceTree = "<group>";
		};
		6A111D682923B66700FE42B4 /* View Models */ = {
			isa = PBXGroup;
			children = (
				6A111D692923B86500FE42B4 /* FlickrListViewModel.swift */,
			);
			path = "View Models";
			sourceTree = "<group>";
		};
		6A111D752924EB1000FE42B4 /* Views */ = {
			isa = PBXGroup;
			children = (
				6A111D332923A5A800FE42B4 /* ContentView.swift */,
				6A111D6B2924560A00FE42B4 /* DetailsView.swift */,
			);
			path = Views;
			sourceTree = "<group>";
		};
		6AA4921E2930347000FC885F /* Image Cache */ = {
			isa = PBXGroup;
			children = (
				6AC2F073293031E900951736 /* URLImage.swift */,
				6AC2F0752930320B00951736 /* ImageLoader.swift */,
			);
			path = "Image Cache";
			sourceTree = "<group>";
		};
		6AC2F034292FA98200951736 /* Protocols */ = {
			isa = PBXGroup;
			children = (
				6A740203292ED56300F3BB92 /* ServiceProtocol.swift */,
			);
			name = Protocols;
			sourceTree = "<group>";
		};
		6AFBA06E2934D32000F4DD1B /* Modifiers */ = {
			isa = PBXGroup;
			children = (
				6AFBA06F2934D35100F4DD1B /* Modifiers.swift */,
			);
			path = Modifiers;
			sourceTree = "<group>";
		};
/* End PBXGroup section */

/* Begin PBXNativeTarget section */
		6A111D2D2923A5A800FE42B4 /* Flickr */ = {
			isa = PBXNativeTarget;
			buildConfigurationList = 6A111D522923A5AB00FE42B4 /* Build configuration list for PBXNativeTarget "Flickr" */;
			buildPhases = (
				6A111D2A2923A5A800FE42B4 /* Sources */,
				6A111D2B2923A5A800FE42B4 /* Frameworks */,
				6A111D2C2923A5A800FE42B4 /* Resources */,
			);
			buildRules = (
			);
			dependencies = (
			);
			name = Flickr;
			productName = Flickr;
			productReference = 6A111D2E2923A5A800FE42B4 /* Flickr.app */;
			productType = "com.apple.product-type.application";
		};
		6A111D3D2923A5AB00FE42B4 /* FlickrTests */ = {
			isa = PBXNativeTarget;
			buildConfigurationList = 6A111D552923A5AB00FE42B4 /* Build configuration list for PBXNativeTarget "FlickrTests" */;
			buildPhases = (
				6A111D3A2923A5AB00FE42B4 /* Sources */,
				6A111D3B2923A5AB00FE42B4 /* Frameworks */,
				6A111D3C2923A5AB00FE42B4 /* Resources */,
			);
			buildRules = (
			);
			dependencies = (
				6A111D402923A5AB00FE42B4 /* PBXTargetDependency */,
			);
			name = FlickrTests;
			productName = FlickrTests;
			productReference = 6A111D3E2923A5AB00FE42B4 /* FlickrTests.xctest */;
			productType = "com.apple.product-type.bundle.unit-test";
		};
		6A111D472923A5AB00FE42B4 /* FlickrUITests */ = {
			isa = PBXNativeTarget;
			buildConfigurationList = 6A111D582923A5AB00FE42B4 /* Build configuration list for PBXNativeTarget "FlickrUITests" */;
			buildPhases = (
				6A111D442923A5AB00FE42B4 /* Sources */,
				6A111D452923A5AB00FE42B4 /* Frameworks */,
				6A111D462923A5AB00FE42B4 /* Resources */,
			);
			buildRules = (
			);
			dependencies = (
				6A111D4A2923A5AB00FE42B4 /* PBXTargetDependency */,
			);
			name = FlickrUITests;
			productName = FlickrUITests;
			productReference = 6A111D482923A5AB00FE42B4 /* FlickrUITests.xctest */;
			productType = "com.apple.product-type.bundle.ui-testing";
		};
/* End PBXNativeTarget section */

/* Begin PBXProject section */
		6A111D262923A5A800FE42B4 /* Project object */ = {
			isa = PBXProject;
			attributes = {
				BuildIndependentTargetsInParallel = 1;
				LastSwiftUpdateCheck = 1400;
				LastUpgradeCheck = 1400;
				TargetAttributes = {
					6A111D2D2923A5A800FE42B4 = {
						CreatedOnToolsVersion = 14.0;
					};
					6A111D3D2923A5AB00FE42B4 = {
						CreatedOnToolsVersion = 14.0;
						TestTargetID = 6A111D2D2923A5A800FE42B4;
					};
					6A111D472923A5AB00FE42B4 = {
						CreatedOnToolsVersion = 14.0;
						TestTargetID = 6A111D2D2923A5A800FE42B4;
					};
				};
			};
			buildConfigurationList = 6A111D292923A5A800FE42B4 /* Build configuration list for PBXProject "Flickr" */;
			compatibilityVersion = "Xcode 14.0";
			developmentRegion = en;
			hasScannedForEncodings = 0;
			knownRegions = (
				en,
				Base,
			);
			mainGroup = 6A111D252923A5A800FE42B4;
			productRefGroup = 6A111D2F2923A5A800FE42B4 /* Products */;
			projectDirPath = "";
			projectRoot = "";
			targets = (
				6A111D2D2923A5A800FE42B4 /* Flickr */,
				6A111D3D2923A5AB00FE42B4 /* FlickrTests */,
				6A111D472923A5AB00FE42B4 /* FlickrUITests */,
			);
		};
/* End PBXProject section */

/* Begin PBXResourcesBuildPhase section */
		6A111D2C2923A5A800FE42B4 /* Resources */ = {
			isa = PBXResourcesBuildPhase;
			buildActionMask = 2147483647;
			files = (
				6A111D392923A5AB00FE42B4 /* Preview Assets.xcassets in Resources */,
				6A111D79292526C100FE42B4 /* flickr.json in Resources */,
				6A111D362923A5AB00FE42B4 /* Assets.xcassets in Resources */,
			);
			runOnlyForDeploymentPostprocessing = 0;
		};
		6A111D3C2923A5AB00FE42B4 /* Resources */ = {
			isa = PBXResourcesBuildPhase;
			buildActionMask = 2147483647;
			files = (
				6AEFE67229256709001BFE07 /* LocalService.swift in Resources */,
				6A111D7A292526C100FE42B4 /* flickr.json in Resources */,
			);
			runOnlyForDeploymentPostprocessing = 0;
		};
		6A111D462923A5AB00FE42B4 /* Resources */ = {
			isa = PBXResourcesBuildPhase;
			buildActionMask = 2147483647;
			files = (
			);
			runOnlyForDeploymentPostprocessing = 0;
		};
/* End PBXResourcesBuildPhase section */

/* Begin PBXSourcesBuildPhase section */
		6A111D2A2923A5A800FE42B4 /* Sources */ = {
			isa = PBXSourcesBuildPhase;
			buildActionMask = 2147483647;
			files = (
				6AC2F0762930320B00951736 /* ImageLoader.swift in Sources */,
				6A740204292ED56300F3BB92 /* ServiceProtocol.swift in Sources */,
				6A111D632923B1DF00FE42B4 /* FlickrItem.swift in Sources */,
				6AB45DAA2932DCCB00C59932 /* UserState.swift in Sources */,
				6A111D342923A5A800FE42B4 /* ContentView.swift in Sources */,
				6A111D6C2924560A00FE42B4 /* DetailsView.swift in Sources */,
				6A111D672923B2CD00FE42B4 /* Media.swift in Sources */,
				6AC2F074293031E900951736 /* URLImage.swift in Sources */,
				6A111D602923AD1D00FE42B4 /* URL+Extensions.swift in Sources */,
				6A111D322923A5A800FE42B4 /* FlickrApp.swift in Sources */,
				6AEFE67529257F2B001BFE07 /* Notification+Extensions.swift in Sources */,
				6A111D5D2923AB3900FE42B4 /* WebService.swift in Sources */,
				6AFBA0702934D35100F4DD1B /* Modifiers.swift in Sources */,
				6A111D652923B2B200FE42B4 /* FlickrList.swift in Sources */,
				6A111D7C292526F900FE42B4 /* LocalService.swift in Sources */,
				6A111D6A2923B86500FE42B4 /* FlickrListViewModel.swift in Sources */,
			);
			runOnlyForDeploymentPostprocessing = 0;
		};
		6A111D3A2923A5AB00FE42B4 /* Sources */ = {
			isa = PBXSourcesBuildPhase;
			buildActionMask = 2147483647;
			files = (
				6A111D432923A5AB00FE42B4 /* FlickrTests.swift in Sources */,
				6A740206292ED96900F3BB92 /* FlickrList.swift in Sources */,
				6A740208292ED97100F3BB92 /* Media.swift in Sources */,
				6AEFE67129256688001BFE07 /* LocalService.swift in Sources */,
				6A6E4C98293397AA00F3B1A1 /* UserState.swift in Sources */,
				6AEFE6732925672F001BFE07 /* WebService.swift in Sources */,
				6A740209292ED9A500F3BB92 /* URL+Extensions.swift in Sources */,
				6A740205292ED63000F3BB92 /* FlickrListViewModel.swift in Sources */,
				6A74020A292ED9A800F3BB92 /* Notification+Extensions.swift in Sources */,
				6A74020C292EE80E00F3BB92 /* ServiceProtocol.swift in Sources */,
				6A740207292ED96F00F3BB92 /* FlickrItem.swift in Sources */,
			);
			runOnlyForDeploymentPostprocessing = 0;
		};
		6A111D442923A5AB00FE42B4 /* Sources */ = {
			isa = PBXSourcesBuildPhase;
			buildActionMask = 2147483647;
			files = (
				6A111D4D2923A5AB00FE42B4 /* FlickrUITests.swift in Sources */,
				6A111D4F2923A5AB00FE42B4 /* FlickrUITestsLaunchTests.swift in Sources */,
			);
			runOnlyForDeploymentPostprocessing = 0;
		};
/* End PBXSourcesBuildPhase section */

/* Begin PBXTargetDependency section */
		6A111D402923A5AB00FE42B4 /* PBXTargetDependency */ = {
			isa = PBXTargetDependency;
			target = 6A111D2D2923A5A800FE42B4 /* Flickr */;
			targetProxy = 6A111D3F2923A5AB00FE42B4 /* PBXContainerItemProxy */;
		};
		6A111D4A2923A5AB00FE42B4 /* PBXTargetDependency */ = {
			isa = PBXTargetDependency;
			target = 6A111D2D2923A5A800FE42B4 /* Flickr */;
			targetProxy = 6A111D492923A5AB00FE42B4 /* PBXContainerItemProxy */;
		};
/* End PBXTargetDependency section */

/* Begin XCBuildConfiguration section */
		6A111D502923A5AB00FE42B4 /* Debug */ = {
			isa = XCBuildConfiguration;
			buildSettings = {
				ALWAYS_SEARCH_USER_PATHS = NO;
				CLANG_ANALYZER_NONNULL = YES;
				CLANG_ANALYZER_NUMBER_OBJECT_CONVERSION = YES_AGGRESSIVE;
				CLANG_CXX_LANGUAGE_STANDARD = "gnu++20";
				CLANG_ENABLE_MODULES = YES;
				CLANG_ENABLE_OBJC_ARC = YES;
				CLANG_ENABLE_OBJC_WEAK = YES;
				CLANG_WARN_BLOCK_CAPTURE_AUTORELEASING = YES;
				CLANG_WARN_BOOL_CONVERSION = YES;
				CLANG_WARN_COMMA = YES;
				CLANG_WARN_CONSTANT_CONVERSION = YES;
				CLANG_WARN_DEPRECATED_OBJC_IMPLEMENTATIONS = YES;
				CLANG_WARN_DIRECT_OBJC_ISA_USAGE = YES_ERROR;
				CLANG_WARN_DOCUMENTATION_COMMENTS = YES;
				CLANG_WARN_EMPTY_BODY = YES;
				CLANG_WARN_ENUM_CONVERSION = YES;
				CLANG_WARN_INFINITE_RECURSION = YES;
				CLANG_WARN_INT_CONVERSION = YES;
				CLANG_WARN_NON_LITERAL_NULL_CONVERSION = YES;
				CLANG_WARN_OBJC_IMPLICIT_RETAIN_SELF = YES;
				CLANG_WARN_OBJC_LITERAL_CONVERSION = YES;
				CLANG_WARN_OBJC_ROOT_CLASS = YES_ERROR;
				CLANG_WARN_QUOTED_INCLUDE_IN_FRAMEWORK_HEADER = YES;
				CLANG_WARN_RANGE_LOOP_ANALYSIS = YES;
				CLANG_WARN_STRICT_PROTOTYPES = YES;
				CLANG_WARN_SUSPICIOUS_MOVE = YES;
				CLANG_WARN_UNGUARDED_AVAILABILITY = YES_AGGRESSIVE;
				CLANG_WARN_UNREACHABLE_CODE = YES;
				CLANG_WARN__DUPLICATE_METHOD_MATCH = YES;
				COPY_PHASE_STRIP = NO;
				DEBUG_INFORMATION_FORMAT = dwarf;
				ENABLE_STRICT_OBJC_MSGSEND = YES;
				ENABLE_TESTABILITY = YES;
				GCC_C_LANGUAGE_STANDARD = gnu11;
				GCC_DYNAMIC_NO_PIC = NO;
				GCC_NO_COMMON_BLOCKS = YES;
				GCC_OPTIMIZATION_LEVEL = 0;
				GCC_PREPROCESSOR_DEFINITIONS = (
					"DEBUG=1",
					"$(inherited)",
				);
				GCC_WARN_64_TO_32_BIT_CONVERSION = YES;
				GCC_WARN_ABOUT_RETURN_TYPE = YES_ERROR;
				GCC_WARN_UNDECLARED_SELECTOR = YES;
				GCC_WARN_UNINITIALIZED_AUTOS = YES_AGGRESSIVE;
				GCC_WARN_UNUSED_FUNCTION = YES;
				GCC_WARN_UNUSED_VARIABLE = YES;
				IPHONEOS_DEPLOYMENT_TARGET = 16.0;
				MTL_ENABLE_DEBUG_INFO = INCLUDE_SOURCE;
				MTL_FAST_MATH = YES;
				ONLY_ACTIVE_ARCH = YES;
				SDKROOT = iphoneos;
				SWIFT_ACTIVE_COMPILATION_CONDITIONS = DEBUG;
				SWIFT_OPTIMIZATION_LEVEL = "-Onone";
			};
			name = Debug;
		};
		6A111D512923A5AB00FE42B4 /* Release */ = {
			isa = XCBuildConfiguration;
			buildSettings = {
				ALWAYS_SEARCH_USER_PATHS = NO;
				CLANG_ANALYZER_NONNULL = YES;
				CLANG_ANALYZER_NUMBER_OBJECT_CONVERSION = YES_AGGRESSIVE;
				CLANG_CXX_LANGUAGE_STANDARD = "gnu++20";
				CLANG_ENABLE_MODULES = YES;
				CLANG_ENABLE_OBJC_ARC = YES;
				CLANG_ENABLE_OBJC_WEAK = YES;
				CLANG_WARN_BLOCK_CAPTURE_AUTORELEASING = YES;
				CLANG_WARN_BOOL_CONVERSION = YES;
				CLANG_WARN_COMMA = YES;
				CLANG_WARN_CONSTANT_CONVERSION = YES;
				CLANG_WARN_DEPRECATED_OBJC_IMPLEMENTATIONS = YES;
				CLANG_WARN_DIRECT_OBJC_ISA_USAGE = YES_ERROR;
				CLANG_WARN_DOCUMENTATION_COMMENTS = YES;
				CLANG_WARN_EMPTY_BODY = YES;
				CLANG_WARN_ENUM_CONVERSION = YES;
				CLANG_WARN_INFINITE_RECURSION = YES;
				CLANG_WARN_INT_CONVERSION = YES;
				CLANG_WARN_NON_LITERAL_NULL_CONVERSION = YES;
				CLANG_WARN_OBJC_IMPLICIT_RETAIN_SELF = YES;
				CLANG_WARN_OBJC_LITERAL_CONVERSION = YES;
				CLANG_WARN_OBJC_ROOT_CLASS = YES_ERROR;
				CLANG_WARN_QUOTED_INCLUDE_IN_FRAMEWORK_HEADER = YES;
				CLANG_WARN_RANGE_LOOP_ANALYSIS = YES;
				CLANG_WARN_STRICT_PROTOTYPES = YES;
				CLANG_WARN_SUSPICIOUS_MOVE = YES;
				CLANG_WARN_UNGUARDED_AVAILABILITY = YES_AGGRESSIVE;
				CLANG_WARN_UNREACHABLE_CODE = YES;
				CLANG_WARN__DUPLICATE_METHOD_MATCH = YES;
				COPY_PHASE_STRIP = NO;
				DEBUG_INFORMATION_FORMAT = "dwarf-with-dsym";
				ENABLE_NS_ASSERTIONS = NO;
				ENABLE_STRICT_OBJC_MSGSEND = YES;
				GCC_C_LANGUAGE_STANDARD = gnu11;
				GCC_NO_COMMON_BLOCKS = YES;
				GCC_WARN_64_TO_32_BIT_CONVERSION = YES;
				GCC_WARN_ABOUT_RETURN_TYPE = YES_ERROR;
				GCC_WARN_UNDECLARED_SELECTOR = YES;
				GCC_WARN_UNINITIALIZED_AUTOS = YES_AGGRESSIVE;
				GCC_WARN_UNUSED_FUNCTION = YES;
				GCC_WARN_UNUSED_VARIABLE = YES;
				IPHONEOS_DEPLOYMENT_TARGET = 16.0;
				MTL_ENABLE_DEBUG_INFO = NO;
				MTL_FAST_MATH = YES;
				SDKROOT = iphoneos;
				SWIFT_COMPILATION_MODE = wholemodule;
				SWIFT_OPTIMIZATION_LEVEL = "-O";
				VALIDATE_PRODUCT = YES;
			};
			name = Release;
		};
		6A111D532923A5AB00FE42B4 /* Debug */ = {
			isa = XCBuildConfiguration;
			buildSettings = {
				ASSETCATALOG_COMPILER_APPICON_NAME = AppIcon;
				ASSETCATALOG_COMPILER_GLOBAL_ACCENT_COLOR_NAME = AccentColor;
				CODE_SIGN_STYLE = Automatic;
				CURRENT_PROJECT_VERSION = 1;
				DEVELOPMENT_ASSET_PATHS = "\"Flickr/Preview Content\"";
				DEVELOPMENT_TEAM = 42X84747YZ;
				ENABLE_PREVIEWS = YES;
				GENERATE_INFOPLIST_FILE = YES;
				INFOPLIST_KEY_UIApplicationSceneManifest_Generation = YES;
				INFOPLIST_KEY_UIApplicationSupportsIndirectInputEvents = YES;
				INFOPLIST_KEY_UILaunchScreen_Generation = YES;
				INFOPLIST_KEY_UISupportedInterfaceOrientations_iPad = "UIInterfaceOrientationPortrait UIInterfaceOrientationPortraitUpsideDown UIInterfaceOrientationLandscapeLeft UIInterfaceOrientationLandscapeRight";
				INFOPLIST_KEY_UISupportedInterfaceOrientations_iPhone = "UIInterfaceOrientationPortrait UIInterfaceOrientationLandscapeLeft UIInterfaceOrientationLandscapeRight";
				IPHONEOS_DEPLOYMENT_TARGET = 15.0;
				LD_RUNPATH_SEARCH_PATHS = (
					"$(inherited)",
					"@executable_path/Frameworks",
				);
				MARKETING_VERSION = 1.0;
				PRODUCT_BUNDLE_IDENTIFIER = test.Flickr;
				PRODUCT_NAME = "$(TARGET_NAME)";
				SWIFT_EMIT_LOC_STRINGS = YES;
				SWIFT_VERSION = 5.0;
				TARGETED_DEVICE_FAMILY = "1,2";
			};
			name = Debug;
		};
		6A111D542923A5AB00FE42B4 /* Release */ = {
			isa = XCBuildConfiguration;
			buildSettings = {
				ASSETCATALOG_COMPILER_APPICON_NAME = AppIcon;
				ASSETCATALOG_COMPILER_GLOBAL_ACCENT_COLOR_NAME = AccentColor;
				CODE_SIGN_STYLE = Automatic;
				CURRENT_PROJECT_VERSION = 1;
				DEVELOPMENT_ASSET_PATHS = "\"Flickr/Preview Content\"";
				DEVELOPMENT_TEAM = 42X84747YZ;
				ENABLE_PREVIEWS = YES;
				GENERATE_INFOPLIST_FILE = YES;
				INFOPLIST_KEY_UIApplicationSceneManifest_Generation = YES;
				INFOPLIST_KEY_UIApplicationSupportsIndirectInputEvents = YES;
				INFOPLIST_KEY_UILaunchScreen_Generation = YES;
				INFOPLIST_KEY_UISupportedInterfaceOrientations_iPad = "UIInterfaceOrientationPortrait UIInterfaceOrientationPortraitUpsideDown UIInterfaceOrientationLandscapeLeft UIInterfaceOrientationLandscapeRight";
				INFOPLIST_KEY_UISupportedInterfaceOrientations_iPhone = "UIInterfaceOrientationPortrait UIInterfaceOrientationLandscapeLeft UIInterfaceOrientationLandscapeRight";
				IPHONEOS_DEPLOYMENT_TARGET = 15.0;
				LD_RUNPATH_SEARCH_PATHS = (
					"$(inherited)",
					"@executable_path/Frameworks",
				);
				MARKETING_VERSION = 1.0;
				PRODUCT_BUNDLE_IDENTIFIER = test.Flickr;
				PRODUCT_NAME = "$(TARGET_NAME)";
				SWIFT_EMIT_LOC_STRINGS = YES;
				SWIFT_VERSION = 5.0;
				TARGETED_DEVICE_FAMILY = "1,2";
			};
			name = Release;
		};
		6A111D562923A5AB00FE42B4 /* Debug */ = {
			isa = XCBuildConfiguration;
			buildSettings = {
				ALWAYS_EMBED_SWIFT_STANDARD_LIBRARIES = YES;
				BUNDLE_LOADER = "$(TEST_HOST)";
				CODE_SIGN_STYLE = Automatic;
				CURRENT_PROJECT_VERSION = 1;
				DEVELOPMENT_TEAM = 42X84747YZ;
				GENERATE_INFOPLIST_FILE = YES;
				IPHONEOS_DEPLOYMENT_TARGET = 15.0;
				MARKETING_VERSION = 1.0;
				PRODUCT_BUNDLE_IDENTIFIER = test.FlickrTests;
				PRODUCT_NAME = "$(TARGET_NAME)";
				SWIFT_EMIT_LOC_STRINGS = NO;
				SWIFT_VERSION = 5.0;
				TARGETED_DEVICE_FAMILY = "1,2";
				TEST_HOST = "$(BUILT_PRODUCTS_DIR)/Flickr.app/$(BUNDLE_EXECUTABLE_FOLDER_PATH)/Flickr";
			};
			name = Debug;
		};
		6A111D572923A5AB00FE42B4 /* Release */ = {
			isa = XCBuildConfiguration;
			buildSettings = {
				ALWAYS_EMBED_SWIFT_STANDARD_LIBRARIES = YES;
				BUNDLE_LOADER = "$(TEST_HOST)";
				CODE_SIGN_STYLE = Automatic;
				CURRENT_PROJECT_VERSION = 1;
				DEVELOPMENT_TEAM = 42X84747YZ;
				GENERATE_INFOPLIST_FILE = YES;
				IPHONEOS_DEPLOYMENT_TARGET = 15.0;
				MARKETING_VERSION = 1.0;
				PRODUCT_BUNDLE_IDENTIFIER = test.FlickrTests;
				PRODUCT_NAME = "$(TARGET_NAME)";
				SWIFT_EMIT_LOC_STRINGS = NO;
				SWIFT_VERSION = 5.0;
				TARGETED_DEVICE_FAMILY = "1,2";
				TEST_HOST = "$(BUILT_PRODUCTS_DIR)/Flickr.app/$(BUNDLE_EXECUTABLE_FOLDER_PATH)/Flickr";
			};
			name = Release;
		};
		6A111D592923A5AB00FE42B4 /* Debug */ = {
			isa = XCBuildConfiguration;
			buildSettings = {
				ALWAYS_EMBED_SWIFT_STANDARD_LIBRARIES = YES;
				CODE_SIGN_STYLE = Automatic;
				CURRENT_PROJECT_VERSION = 1;
				DEVELOPMENT_TEAM = 42X84747YZ;
				GENERATE_INFOPLIST_FILE = YES;
				MARKETING_VERSION = 1.0;
				PRODUCT_BUNDLE_IDENTIFIER = test.FlickrUITests;
				PRODUCT_NAME = "$(TARGET_NAME)";
				SWIFT_EMIT_LOC_STRINGS = NO;
				SWIFT_VERSION = 5.0;
				TARGETED_DEVICE_FAMILY = "1,2";
				TEST_TARGET_NAME = Flickr;
			};
			name = Debug;
		};
		6A111D5A2923A5AB00FE42B4 /* Release */ = {
			isa = XCBuildConfiguration;
			buildSettings = {
				ALWAYS_EMBED_SWIFT_STANDARD_LIBRARIES = YES;
				CODE_SIGN_STYLE = Automatic;
				CURRENT_PROJECT_VERSION = 1;
				DEVELOPMENT_TEAM = 42X84747YZ;
				GENERATE_INFOPLIST_FILE = YES;
				MARKETING_VERSION = 1.0;
				PRODUCT_BUNDLE_IDENTIFIER = test.FlickrUITests;
				PRODUCT_NAME = "$(TARGET_NAME)";
				SWIFT_EMIT_LOC_STRINGS = NO;
				SWIFT_VERSION = 5.0;
				TARGETED_DEVICE_FAMILY = "1,2";
				TEST_TARGET_NAME = Flickr;
			};
			name = Release;
		};
/* End XCBuildConfiguration section */

/* Begin XCConfigurationList section */
		6A111D292923A5A800FE42B4 /* Build configuration list for PBXProject "Flickr" */ = {
			isa = XCConfigurationList;
			buildConfigurations = (
				6A111D502923A5AB00FE42B4 /* Debug */,
				6A111D512923A5AB00FE42B4 /* Release */,
			);
			defaultConfigurationIsVisible = 0;
			defaultConfigurationName = Release;
		};
		6A111D522923A5AB00FE42B4 /* Build configuration list for PBXNativeTarget "Flickr" */ = {
			isa = XCConfigurationList;
			buildConfigurations = (
				6A111D532923A5AB00FE42B4 /* Debug */,
				6A111D542923A5AB00FE42B4 /* Release */,
			);
			defaultConfigurationIsVisible = 0;
			defaultConfigurationName = Release;
		};
		6A111D552923A5AB00FE42B4 /* Build configuration list for PBXNativeTarget "FlickrTests" */ = {
			isa = XCConfigurationList;
			buildConfigurations = (
				6A111D562923A5AB00FE42B4 /* Debug */,
				6A111D572923A5AB00FE42B4 /* Release */,
			);
			defaultConfigurationIsVisible = 0;
			defaultConfigurationName = Release;
		};
		6A111D582923A5AB00FE42B4 /* Build configuration list for PBXNativeTarget "FlickrUITests" */ = {
			isa = XCConfigurationList;
			buildConfigurations = (
				6A111D592923A5AB00FE42B4 /* Debug */,
				6A111D5A2923A5AB00FE42B4 /* Release */,
			);
			defaultConfigurationIsVisible = 0;
			defaultConfigurationName = Release;
		};
/* End XCConfigurationList section */
	};
	rootObject = 6A111D262923A5A800FE42B4 /* Project object */;
}
